
Microsoft Visual Studio Solution File, Format Version 12.00
# Visual Studio Version 17
VisualStudioVersion = 17.1.31911.260
MinimumVisualStudioVersion = 10.0.40219.1
Project("{FAE04EC0-301F-11D3-BF4B-00C04F79EFBC}") = "ZlibStreamRepro", "ZlibStreamRepro\ZlibStreamRepro.csproj", "{B7410239-F6C5-4706-B2F5-1B249B24900B}"
EndProject
Global
	GlobalSection(SolutionConfigurationPlatforms) = preSolution
		Debug|Any CPU = Debug|Any CPU
		Release|Any CPU = Release|Any CPU
	EndGlobalSection
	GlobalSection(ProjectConfigurationPlatforms) = postSolution
		{B7410239-F6C5-4706-B2F5-1B249B24900B}.Debug|Any CPU.ActiveCfg = Debug|Any CPU
		{B7410239-F6C5-4706-B2F5-1B249B24900B}.Debug|Any CPU.Build.0 = Debug|Any CPU
		{B7410239-F6C5-4706-B2F5-1B249B24900B}.Release|Any CPU.ActiveCfg = Release|Any CPU
		{B7410239-F6C5-4706-B2F5-1B249B24900B}.Release|Any CPU.Build.0 = Release|Any CPU
	EndGlobalSection
	GlobalSection(SolutionProperties) = preSolution
		HideSolutionNode = FALSE
	EndGlobalSection
	GlobalSection(ExtensibilityGlobals) = postSolution
		SolutionGuid = {8500C9D6-76FF-4F7E-A768-D192CD12BDB5}
	EndGlobalSection
EndGlobal
